# -------------------------------------------------------------------------- #
#
# Copyright (C) 1991-2013 Altera Corporation
# Your use of Altera Corporation's design tools, logic functions 
# and other software and tools, and its AMPP partner logic 
# functions, and any output files from any of the foregoing 
# (including device programming or simulation files), and any 
# associated documentation or information are expressly subject 
# to the terms and conditions of the Altera Program License 
# Subscription Agreement, Altera MegaCore Function License 
# Agreement, or other applicable license agreement, including, 
# without limitation, that your use is for the sole purpose of 
# programming logic devices manufactured by Altera and sold by 
# Altera or its authorized distributors.  Please refer to the 
# applicable agreement for further details.
#
# -------------------------------------------------------------------------- #
#
# Quartus II 64-Bit
# Version 13.0.1 Build 232 06/12/2013 Service Pack 1 SJ Full Version
# Date created = 12:41:19  April 15, 2016
#
# -------------------------------------------------------------------------- #
#
# Notes:
#
# 1) The default values for assignments are stored in the file:
#		gpioTesting_assignment_defaults.qdf
#    If this file doesn't exist, see file:
#		assignment_defaults.qdf
#
# 2) Altera recommends that you do not modify this file. This
#    file is updated automatically by the Quartus II software
#    and any changes you make may be lost or overwritten.
#
# -------------------------------------------------------------------------- #


set_global_assignment -name FAMILY "Cyclone II"
set_global_assignment -name DEVICE EP2C8F256C8
set_global_assignment -name TOP_LEVEL_ENTITY qsysSystem
set_global_assignment -name ORIGINAL_QUARTUS_VERSION "13.0 SP1"
set_global_assignment -name PROJECT_CREATION_TIME_DATE "12:41:19  APRIL 15, 2016"
set_global_assignment -name LAST_QUARTUS_VERSION "13.0 SP1"
set_global_assignment -name PROJECT_OUTPUT_DIRECTORY output_files
set_global_assignment -name MIN_CORE_JUNCTION_TEMP 0
set_global_assignment -name MAX_CORE_JUNCTION_TEMP 85
set_global_assignment -name ERROR_CHECK_FREQUENCY_DIVISOR 1
set_global_assignment -name USE_CONFIGURATION_DEVICE ON
set_global_assignment -name RESERVE_ALL_UNUSED_PINS "AS INPUT TRI-STATED WITH WEAK PULL-UP"
set_global_assignment -name QIP_FILE qsys_system/qsysSystem/synthesis/qsysSystem.qip
set_global_assignment -name POWER_PRESET_COOLING_SOLUTION "23 MM HEAT SINK WITH 200 LFPM AIRFLOW"
set_global_assignment -name POWER_BOARD_THERMAL_MODEL "NONE (CONSERVATIVE)"
set_global_assignment -name PARTITION_NETLIST_TYPE SOURCE -section_id Top
set_global_assignment -name PARTITION_FITTER_PRESERVATION_LEVEL PLACEMENT_AND_ROUTING -section_id Top
set_global_assignment -name PARTITION_COLOR 16764057 -section_id Top
set_global_assignment -name STRATIX_DEVICE_IO_STANDARD "3.3-V LVTTL"
set_location_assignment PIN_H2 -to clk_clk
set_location_assignment PIN_T11 -to PIN_T11
set_location_assignment PIN_T6 -to lpb_ad[31]
set_location_assignment PIN_N8 -to lpb_ad[30]
set_location_assignment PIN_R9 -to lpb_ad[29]
set_location_assignment PIN_T9 -to lpb_ad[28]
set_location_assignment PIN_R8 -to lpb_ad[27]
set_location_assignment PIN_T8 -to lpb_ad[26]
set_location_assignment PIN_L8 -to lpb_ad[25]
set_location_assignment PIN_L7 -to lpb_ad[24]
set_location_assignment PIN_R7 -to lpb_ad[23]
set_location_assignment PIN_T7 -to lpb_ad[22]
set_location_assignment PIN_R5 -to lpb_ad[21]
set_location_assignment PIN_T5 -to lpb_ad[20]
set_location_assignment PIN_R4 -to lpb_ad[19]
set_location_assignment PIN_T4 -to lpb_ad[18]
set_location_assignment PIN_P4 -to lpb_ad[17]
set_location_assignment PIN_P5 -to lpb_ad[16]
set_location_assignment PIN_R3 -to lpb_ad[15]
set_location_assignment PIN_T3 -to lpb_ad[14]
set_location_assignment PIN_P11 -to lpb_ad[13]
set_location_assignment PIN_N11 -to lpb_ad[12]
set_location_assignment PIN_L11 -to lpb_ad[11]
set_location_assignment PIN_M11 -to lpb_ad[10]
set_location_assignment PIN_R14 -to lpb_ad[9]
set_location_assignment PIN_T14 -to lpb_ad[8]
set_location_assignment PIN_R13 -to lpb_ad[7]
set_location_assignment PIN_T13 -to lpb_ad[6]
set_location_assignment PIN_R12 -to lpb_ad[5]
set_location_assignment PIN_T12 -to lpb_ad[4]
set_location_assignment PIN_P13 -to lpb_ad[3]
set_location_assignment PIN_P12 -to lpb_ad[2]
set_location_assignment PIN_K10 -to lpb_ad[1]
set_location_assignment PIN_K11 -to lpb_ad[0]
set_location_assignment PIN_R11 -to lpb_ale_n
set_location_assignment PIN_N10 -to lpb_cs_n[0]
set_location_assignment PIN_L9 -to lpb_oe_n
set_location_assignment PIN_L10 -to lpb_rdwr_n
set_location_assignment PIN_T10 -to lpb_ts_n
set_location_assignment PIN_N9 -to reset_reset_n
set_global_assignment -name CDF_FILE output_files/Chain1.cdf
set_instance_assignment -name PARTITION_HIERARCHY root_partition -to | -section_id Top